// !$*UTF8*$!
{
	archiveVersion = 1;
	classes = {
	};
	objectVersion = 77;
	objects = {

/* Begin PBXContainerItemProxy section */
		50B7C5772D5572FA00490444 /* PBXContainerItemProxy */ = {
			isa = PBXContainerItemProxy;
			containerPortal = 50B7C55E2D5572F700490444 /* Project object */;
			proxyType = 1;
			remoteGlobalIDString = 50B7C5652D5572F700490444;
			remoteInfo = TestTaskTranslator;
		};
		50B7C5812D5572FA00490444 /* PBXContainerItemProxy */ = {
			isa = PBXContainerItemProxy;
			containerPortal = 50B7C55E2D5572F700490444 /* Project object */;
			proxyType = 1;
			remoteGlobalIDString = 50B7C5652D5572F700490444;
			remoteInfo = TestTaskTranslator;
		};
/* End PBXContainerItemProxy section */

/* Begin PBXFileReference section */
		50B7C5662D5572F700490444 /* TestTaskTranslator.app */ = {isa = PBXFileReference; explicitFileType = wrapper.application; includeInIndex = 0; path = TestTaskTranslator.app; sourceTree = BUILT_PRODUCTS_DIR; };
		50B7C5762D5572FA00490444 /* TestTaskTranslatorTests.xctest */ = {isa = PBXFileReference; explicitFileType = wrapper.cfbundle; includeInIndex = 0; path = TestTaskTranslatorTests.xctest; sourceTree = BUILT_PRODUCTS_DIR; };
		50B7C5802D5572FA00490444 /* TestTaskTranslatorUITests.xctest */ = {isa = PBXFileReference; explicitFileType = wrapper.cfbundle; includeInIndex = 0; path = TestTaskTranslatorUITests.xctest; sourceTree = BUILT_PRODUCTS_DIR; };
/* End PBXFileReference section */

/* Begin PBXFileSystemSynchronizedBuildFileExceptionSet section */
		50B7C59C2D5575F000490444 /* Exceptions for "TestTaskTranslator" folder in "TestTaskTranslatorTests" target */ = {
			isa = PBXFileSystemSynchronizedBuildFileExceptionSet;
			membershipExceptions = (
				"Fonts/KonkhmerSleokchher-Regular.ttf",
			);
			target = 50B7C5752D5572FA00490444 /* TestTaskTranslatorTests */;
		};
		50B7C59D2D5575F000490444 /* Exceptions for "TestTaskTranslator" folder in "TestTaskTranslatorUITests" target */ = {
			isa = PBXFileSystemSynchronizedBuildFileExceptionSet;
			membershipExceptions = (
				"Fonts/KonkhmerSleokchher-Regular.ttf",
			);
			target = 50B7C57F2D5572FA00490444 /* TestTaskTranslatorUITests */;
		};
		50B7C59F2D55762200490444 /* Exceptions for "TestTaskTranslator" folder in "TestTaskTranslator" target */ = {
			isa = PBXFileSystemSynchronizedBuildFileExceptionSet;
			membershipExceptions = (
				Resources/Info.plist,
			);
			target = 50B7C5652D5572F700490444 /* TestTaskTranslator */;
		};
/* End PBXFileSystemSynchronizedBuildFileExceptionSet section */

/* Begin PBXFileSystemSynchronizedRootGroup section */
		50B7C5682D5572F700490444 /* TestTaskTranslator */ = {
			isa = PBXFileSystemSynchronizedRootGroup;
			exceptions = (
				50B7C59F2D55762200490444 /* Exceptions for "TestTaskTranslator" folder in "TestTaskTranslator" target */,
				50B7C59C2D5575F000490444 /* Exceptions for "TestTaskTranslator" folder in "TestTaskTranslatorTests" target */,
				50B7C59D2D5575F000490444 /* Exceptions for "TestTaskTranslator" folder in "TestTaskTranslatorUITests" target */,
			);
			path = TestTaskTranslator;
			sourceTree = "<group>";
		};
		50B7C5792D5572FA00490444 /* TestTaskTranslatorTests */ = {
			isa = PBXFileSystemSynchronizedRootGroup;
			path = TestTaskTranslatorTests;
			sourceTree = "<group>";
		};
		50B7C5832D5572FA00490444 /* TestTaskTranslatorUITests */ = {
			isa = PBXFileSystemSynchronizedRootGroup;
			path = TestTaskTranslatorUITests;
			sourceTree = "<group>";
		};
/* End PBXFileSystemSynchronizedRootGroup section */

/* Begin PBXFrameworksBuildPhase section */
		50B7C5632D5572F700490444 /* Frameworks */ = {
			isa = PBXFrameworksBuildPhase;
			buildActionMask = 2147483647;
			files = (
			);
			runOnlyForDeploymentPostprocessing = 0;
		};
		50B7C5732D5572FA00490444 /* Frameworks */ = {
			isa = PBXFrameworksBuildPhase;
			buildActionMask = 2147483647;
			files = (
			);
			runOnlyForDeploymentPostprocessing = 0;
		};
		50B7C57D2D5572FA00490444 /* Frameworks */ = {
			isa = PBXFrameworksBuildPhase;
			buildActionMask = 2147483647;
			files = (
			);
			runOnlyForDeploymentPostprocessing = 0;
		};
/* End PBXFrameworksBuildPhase section */

/* Begin PBXGroup section */
		50B7C55D2D5572F700490444 = {
			isa = PBXGroup;
			children = (
				50B7C5682D5572F700490444 /* TestTaskTranslator */,
				50B7C5792D5572FA00490444 /* TestTaskTranslatorTests */,
				50B7C5832D5572FA00490444 /* TestTaskTranslatorUITests */,
				50B7C5672D5572F700490444 /* Products */,
			);
			sourceTree = "<group>";
		};
		50B7C5672D5572F700490444 /* Products */ = {
			isa = PBXGroup;
			children = (
				50B7C5662D5572F700490444 /* TestTaskTranslator.app */,
				50B7C5762D5572FA00490444 /* TestTaskTranslatorTests.xctest */,
				50B7C5802D5572FA00490444 /* TestTaskTranslatorUITests.xctest */,
			);
			name = Products;
			sourceTree = "<group>";
		};
/* End PBXGroup section */

/* Begin PBXNativeTarget section */
		50B7C5652D5572F700490444 /* TestTaskTranslator */ = {
			isa = PBXNativeTarget;
			buildConfigurationList = 50B7C58A2D5572FA00490444 /* Build configuration list for PBXNativeTarget "TestTaskTranslator" */;
			buildPhases = (
				50B7C5622D5572F700490444 /* Sources */,
				50B7C5632D5572F700490444 /* Frameworks */,
				50B7C5642D5572F700490444 /* Resources */,
			);
			buildRules = (
			);
			dependencies = (
			);
			fileSystemSynchronizedGroups = (
				50B7C5682D5572F700490444 /* TestTaskTranslator */,
			);
			name = TestTaskTranslator;
			packageProductDependencies = (
			);
			productName = TestTaskTranslator;
			productReference = 50B7C5662D5572F700490444 /* TestTaskTranslator.app */;
			productType = "com.apple.product-type.application";
		};
		50B7C5752D5572FA00490444 /* TestTaskTranslatorTests */ = {
			isa = PBXNativeTarget;
			buildConfigurationList = 50B7C58D2D5572FA00490444 /* Build configuration list for PBXNativeTarget "TestTaskTranslatorTests" */;
			buildPhases = (
				50B7C5722D5572FA00490444 /* Sources */,
				50B7C5732D5572FA00490444 /* Frameworks */,
				50B7C5742D5572FA00490444 /* Resources */,
			);
			buildRules = (
			);
			dependencies = (
				50B7C5782D5572FA00490444 /* PBXTargetDependency */,
			);
			fileSystemSynchronizedGroups = (
				50B7C5792D5572FA00490444 /* TestTaskTranslatorTests */,
			);
			name = TestTaskTranslatorTests;
			packageProductDependencies = (
			);
			productName = TestTaskTranslatorTests;
			productReference = 50B7C5762D5572FA00490444 /* TestTaskTranslatorTests.xctest */;
			productType = "com.apple.product-type.bundle.unit-test";
		};
		50B7C57F2D5572FA00490444 /* TestTaskTranslatorUITests */ = {
			isa = PBXNativeTarget;
			buildConfigurationList = 50B7C5902D5572FA00490444 /* Build configuration list for PBXNativeTarget "TestTaskTranslatorUITests" */;
			buildPhases = (
				50B7C57C2D5572FA00490444 /* Sources */,
				50B7C57D2D5572FA00490444 /* Frameworks */,
				50B7C57E2D5572FA00490444 /* Resources */,
			);
			buildRules = (
			);
			dependencies = (
				50B7C5822D5572FA00490444 /* PBXTargetDependency */,
			);
			fileSystemSynchronizedGroups = (
				50B7C5832D5572FA00490444 /* TestTaskTranslatorUITests */,
			);
			name = TestTaskTranslatorUITests;
			packageProductDependencies = (
			);
			productName = TestTaskTranslatorUITests;
			productReference = 50B7C5802D5572FA00490444 /* TestTaskTranslatorUITests.xctest */;
			productType = "com.apple.product-type.bundle.ui-testing";
		};
/* End PBXNativeTarget section */

/* Begin PBXProject section */
		50B7C55E2D5572F700490444 /* Project object */ = {
			isa = PBXProject;
			attributes = {
				BuildIndependentTargetsInParallel = 1;
				LastSwiftUpdateCheck = 1610;
				LastUpgradeCheck = 1610;
				TargetAttributes = {
					50B7C5652D5572F700490444 = {
						CreatedOnToolsVersion = 16.1;
					};
					50B7C5752D5572FA00490444 = {
						CreatedOnToolsVersion = 16.1;
						TestTargetID = 50B7C5652D5572F700490444;
					};
					50B7C57F2D5572FA00490444 = {
						CreatedOnToolsVersion = 16.1;
						TestTargetID = 50B7C5652D5572F700490444;
					};
				};
			};
			buildConfigurationList = 50B7C5612D5572F700490444 /* Build configuration list for PBXProject "TestTaskTranslator" */;
			developmentRegion = en;
			hasScannedForEncodings = 0;
			knownRegions = (
				en,
				Base,
			);
			mainGroup = 50B7C55D2D5572F700490444;
			minimizedProjectReferenceProxies = 1;
			preferredProjectObjectVersion = 77;
			productRefGroup = 50B7C5672D5572F700490444 /* Products */;
			projectDirPath = "";
			projectRoot = "";
			targets = (
				50B7C5652D5572F700490444 /* TestTaskTranslator */,
				50B7C5752D5572FA00490444 /* TestTaskTranslatorTests */,
				50B7C57F2D5572FA00490444 /* TestTaskTranslatorUITests */,
			);
		};
/* End PBXProject section */

/* Begin PBXResourcesBuildPhase section */
		50B7C5642D5572F700490444 /* Resources */ = {
			isa = PBXResourcesBuildPhase;
			buildActionMask = 2147483647;
			files = (
			);
			runOnlyForDeploymentPostprocessing = 0;
		};
		50B7C5742D5572FA00490444 /* Resources */ = {
			isa = PBXResourcesBuildPhase;
			buildActionMask = 2147483647;
			files = (
			);
			runOnlyForDeploymentPostprocessing = 0;
		};
		50B7C57E2D5572FA00490444 /* Resources */ = {
			isa = PBXResourcesBuildPhase;
			buildActionMask = 2147483647;
			files = (
			);
			runOnlyForDeploymentPostprocessing = 0;
		};
/* End PBXResourcesBuildPhase section */

/* Begin PBXSourcesBuildPhase section */
		50B7C5622D5572F700490444 /* Sources */ = {
			isa = PBXSourcesBuildPhase;
			buildActionMask = 2147483647;
			files = (
			);
			runOnlyForDeploymentPostprocessing = 0;
		};
		50B7C5722D5572FA00490444 /* Sources */ = {
			isa = PBXSourcesBuildPhase;
			buildActionMask = 2147483647;
			files = (
			);
			runOnlyForDeploymentPostprocessing = 0;
		};
		50B7C57C2D5572FA00490444 /* Sources */ = {
			isa = PBXSourcesBuildPhase;
			buildActionMask = 2147483647;
			files = (
			);
			runOnlyForDeploymentPostprocessing = 0;
		};
/* End PBXSourcesBuildPhase section */

/* Begin PBXTargetDependency section */
		50B7C5782D5572FA00490444 /* PBXTargetDependency */ = {
			isa = PBXTargetDependency;
			target = 50B7C5652D5572F700490444 /* TestTaskTranslator */;
			targetProxy = 50B7C5772D5572FA00490444 /* PBXContainerItemProxy */;
		};
		50B7C5822D5572FA00490444 /* PBXTargetDependency */ = {
			isa = PBXTargetDependency;
			target = 50B7C5652D5572F700490444 /* TestTaskTranslator */;
			targetProxy = 50B7C5812D5572FA00490444 /* PBXContainerItemProxy */;
		};
/* End PBXTargetDependency section */

/* Begin XCBuildConfiguration section */
		50B7C5882D5572FA00490444 /* Debug */ = {
			isa = XCBuildConfiguration;
			buildSettings = {
				ALWAYS_SEARCH_USER_PATHS = NO;
				ASSETCATALOG_COMPILER_GENERATE_SWIFT_ASSET_SYMBOL_EXTENSIONS = YES;
				CLANG_ANALYZER_NONNULL = YES;
				CLANG_ANALYZER_NUMBER_OBJECT_CONVERSION = YES_AGGRESSIVE;
				CLANG_CXX_LANGUAGE_STANDARD = "gnu++20";
				CLANG_ENABLE_MODULES = YES;
				CLANG_ENABLE_OBJC_ARC = YES;
				CLANG_ENABLE_OBJC_WEAK = YES;
				CLANG_WARN_BLOCK_CAPTURE_AUTORELEASING = YES;
				CLANG_WARN_BOOL_CONVERSION = YES;
				CLANG_WARN_COMMA = YES;
				CLANG_WARN_CONSTANT_CONVERSION = YES;
				CLANG_WARN_DEPRECATED_OBJC_IMPLEMENTATIONS = YES;
				CLANG_WARN_DIRECT_OBJC_ISA_USAGE = YES_ERROR;
				CLANG_WARN_DOCUMENTATION_COMMENTS = YES;
				CLANG_WARN_EMPTY_BODY = YES;
				CLANG_WARN_ENUM_CONVERSION = YES;
				CLANG_WARN_INFINITE_RECURSION = YES;
				CLANG_WARN_INT_CONVERSION = YES;
				CLANG_WARN_NON_LITERAL_NULL_CONVERSION = YES;
				CLANG_WARN_OBJC_IMPLICIT_RETAIN_SELF = YES;
				CLANG_WARN_OBJC_LITERAL_CONVERSION = YES;
				CLANG_WARN_OBJC_ROOT_CLASS = YES_ERROR;
				CLANG_WARN_QUOTED_INCLUDE_IN_FRAMEWORK_HEADER = YES;
				CLANG_WARN_RANGE_LOOP_ANALYSIS = YES;
				CLANG_WARN_STRICT_PROTOTYPES = YES;
				CLANG_WARN_SUSPICIOUS_MOVE = YES;
				CLANG_WARN_UNGUARDED_AVAILABILITY = YES_AGGRESSIVE;
				CLANG_WARN_UNREACHABLE_CODE = YES;
				CLANG_WARN__DUPLICATE_METHOD_MATCH = YES;
				COPY_PHASE_STRIP = NO;
				DEBUG_INFORMATION_FORMAT = dwarf;
				ENABLE_STRICT_OBJC_MSGSEND = YES;
				ENABLE_TESTABILITY = YES;
				ENABLE_USER_SCRIPT_SANDBOXING = YES;
				GCC_C_LANGUAGE_STANDARD = gnu17;
				GCC_DYNAMIC_NO_PIC = NO;
				GCC_NO_COMMON_BLOCKS = YES;
				GCC_OPTIMIZATION_LEVEL = 0;
				GCC_PREPROCESSOR_DEFINITIONS = (
					"DEBUG=1",
					"$(inherited)",
				);
				GCC_WARN_64_TO_32_BIT_CONVERSION = YES;
				GCC_WARN_ABOUT_RETURN_TYPE = YES_ERROR;
				GCC_WARN_UNDECLARED_SELECTOR = YES;
				GCC_WARN_UNINITIALIZED_AUTOS = YES_AGGRESSIVE;
				GCC_WARN_UNUSED_FUNCTION = YES;
				GCC_WARN_UNUSED_VARIABLE = YES;
				IPHONEOS_DEPLOYMENT_TARGET = 18.1;
				LOCALIZATION_PREFERS_STRING_CATALOGS = YES;
				MTL_ENABLE_DEBUG_INFO = INCLUDE_SOURCE;
				MTL_FAST_MATH = YES;
				ONLY_ACTIVE_ARCH = YES;
				SDKROOT = iphoneos;
				SWIFT_ACTIVE_COMPILATION_CONDITIONS = "DEBUG $(inherited)";
				SWIFT_OPTIMIZATION_LEVEL = "-Onone";
			};
			name = Debug;
		};
		50B7C5892D5572FA00490444 /* Release */ = {
			isa = XCBuildConfiguration;
			buildSettings = {
				ALWAYS_SEARCH_USER_PATHS = NO;
				ASSETCATALOG_COMPILER_GENERATE_SWIFT_ASSET_SYMBOL_EXTENSIONS = YES;
				CLANG_ANALYZER_NONNULL = YES;
				CLANG_ANALYZER_NUMBER_OBJECT_CONVERSION = YES_AGGRESSIVE;
				CLANG_CXX_LANGUAGE_STANDARD = "gnu++20";
				CLANG_ENABLE_MODULES = YES;
				CLANG_ENABLE_OBJC_ARC = YES;
				CLANG_ENABLE_OBJC_WEAK = YES;
				CLANG_WARN_BLOCK_CAPTURE_AUTORELEASING = YES;
				CLANG_WARN_BOOL_CONVERSION = YES;
				CLANG_WARN_COMMA = YES;
				CLANG_WARN_CONSTANT_CONVERSION = YES;
				CLANG_WARN_DEPRECATED_OBJC_IMPLEMENTATIONS = YES;
				CLANG_WARN_DIRECT_OBJC_ISA_USAGE = YES_ERROR;
				CLANG_WARN_DOCUMENTATION_COMMENTS = YES;
				CLANG_WARN_EMPTY_BODY = YES;
				CLANG_WARN_ENUM_CONVERSION = YES;
				CLANG_WARN_INFINITE_RECURSION = YES;
				CLANG_WARN_INT_CONVERSION = YES;
				CLANG_WARN_NON_LITERAL_NULL_CONVERSION = YES;
				CLANG_WARN_OBJC_IMPLICIT_RETAIN_SELF = YES;
				CLANG_WARN_OBJC_LITERAL_CONVERSION = YES;
				CLANG_WARN_OBJC_ROOT_CLASS = YES_ERROR;
				CLANG_WARN_QUOTED_INCLUDE_IN_FRAMEWORK_HEADER = YES;
				CLANG_WARN_RANGE_LOOP_ANALYSIS = YES;
				CLANG_WARN_STRICT_PROTOTYPES = YES;
				CLANG_WARN_SUSPICIOUS_MOVE = YES;
				CLANG_WARN_UNGUARDED_AVAILABILITY = YES_AGGRESSIVE;
				CLANG_WARN_UNREACHABLE_CODE = YES;
				CLANG_WARN__DUPLICATE_METHOD_MATCH = YES;
				COPY_PHASE_STRIP = NO;
				DEBUG_INFORMATION_FORMAT = "dwarf-with-dsym";
				ENABLE_NS_ASSERTIONS = NO;
				ENABLE_STRICT_OBJC_MSGSEND = YES;
				ENABLE_USER_SCRIPT_SANDBOXING = YES;
				GCC_C_LANGUAGE_STANDARD = gnu17;
				GCC_NO_COMMON_BLOCKS = YES;
				GCC_WARN_64_TO_32_BIT_CONVERSION = YES;
				GCC_WARN_ABOUT_RETURN_TYPE = YES_ERROR;
				GCC_WARN_UNDECLARED_SELECTOR = YES;
				GCC_WARN_UNINITIALIZED_AUTOS = YES_AGGRESSIVE;
				GCC_WARN_UNUSED_FUNCTION = YES;
				GCC_WARN_UNUSED_VARIABLE = YES;
				IPHONEOS_DEPLOYMENT_TARGET = 18.1;
				LOCALIZATION_PREFERS_STRING_CATALOGS = YES;
				MTL_ENABLE_DEBUG_INFO = NO;
				MTL_FAST_MATH = YES;
				SDKROOT = iphoneos;
				SWIFT_COMPILATION_MODE = wholemodule;
				VALIDATE_PRODUCT = YES;
			};
			name = Release;
		};
		50B7C58B2D5572FA00490444 /* Debug */ = {
			isa = XCBuildConfiguration;
			buildSettings = {
				ASSETCATALOG_COMPILER_APPICON_NAME = AppIcon;
				ASSETCATALOG_COMPILER_GLOBAL_ACCENT_COLOR_NAME = AccentColor;
				CODE_SIGN_STYLE = Automatic;
				CURRENT_PROJECT_VERSION = 1;
				DEVELOPMENT_ASSET_PATHS = "\"TestTaskTranslator/Preview Content\"";
				ENABLE_PREVIEWS = YES;
				GENERATE_INFOPLIST_FILE = YES;
				INFOPLIST_FILE = TestTaskTranslator/Info.plist;
				INFOPLIST_KEY_NSMicrophoneUsageDescription = "";
				INFOPLIST_KEY_UIApplicationSceneManifest_Generation = YES;
				INFOPLIST_KEY_UIApplicationSupportsIndirectInputEvents = YES;
				INFOPLIST_KEY_UILaunchScreen_Generation = YES;
				INFOPLIST_KEY_UISupportedInterfaceOrientations_iPad = "UIInterfaceOrientationPortrait UIInterfaceOrientationPortraitUpsideDown UIInterfaceOrientationLandscapeLeft UIInterfaceOrientationLandscapeRight";
				INFOPLIST_KEY_UISupportedInterfaceOrientations_iPhone = "UIInterfaceOrientationPortrait UIInterfaceOrientationLandscapeLeft UIInterfaceOrientationLandscapeRight";
				LD_RUNPATH_SEARCH_PATHS = (
					"$(inherited)",
					"@executable_path/Frameworks",
				);
				MARKETING_VERSION = 1.0;
				PRODUCT_BUNDLE_IDENTIFIER = max.TestTaskTranslator;
				PRODUCT_NAME = "$(TARGET_NAME)";
				SWIFT_EMIT_LOC_STRINGS = YES;
				SWIFT_VERSION = 5.0;
				TARGETED_DEVICE_FAMILY = "1,2";
			};
			name = Debug;
		};
		50B7C58C2D5572FA00490444 /* Release */ = {
			isa = XCBuildConfiguration;
			buildSettings = {
				ASSETCATALOG_COMPILER_APPICON_NAME = AppIcon;
				ASSETCATALOG_COMPILER_GLOBAL_ACCENT_COLOR_NAME = AccentColor;
				CODE_SIGN_STYLE = Automatic;
				CURRENT_PROJECT_VERSION = 1;
				DEVELOPMENT_ASSET_PATHS = "\"TestTaskTranslator/Preview Content\"";
				ENABLE_PREVIEWS = YES;
				GENERATE_INFOPLIST_FILE = YES;
				INFOPLIST_FILE = TestTaskTranslator/Info.plist;
				INFOPLIST_KEY_NSMicrophoneUsageDescription = "";
				INFOPLIST_KEY_UIApplicationSceneManifest_Generation = YES;
				INFOPLIST_KEY_UIApplicationSupportsIndirectInputEvents = YES;
				INFOPLIST_KEY_UILaunchScreen_Generation = YES;
				INFOPLIST_KEY_UISupportedInterfaceOrientations_iPad = "UIInterfaceOrientationPortrait UIInterfaceOrientationPortraitUpsideDown UIInterfaceOrientationLandscapeLeft UIInterfaceOrientationLandscapeRight";
				INFOPLIST_KEY_UISupportedInterfaceOrientations_iPhone = "UIInterfaceOrientationPortrait UIInterfaceOrientationLandscapeLeft UIInterfaceOrientationLandscapeRight";
				LD_RUNPATH_SEARCH_PATHS = (
					"$(inherited)",
					"@executable_path/Frameworks",
				);
				MARKETING_VERSION = 1.0;
				PRODUCT_BUNDLE_IDENTIFIER = max.TestTaskTranslator;
				PRODUCT_NAME = "$(TARGET_NAME)";
				SWIFT_EMIT_LOC_STRINGS = YES;
				SWIFT_VERSION = 5.0;
				TARGETED_DEVICE_FAMILY = "1,2";
			};
			name = Release;
		};
		50B7C58E2D5572FA00490444 /* Debug */ = {
			isa = XCBuildConfiguration;
			buildSettings = {
				BUNDLE_LOADER = "$(TEST_HOST)";
				CODE_SIGN_STYLE = Automatic;
				CURRENT_PROJECT_VERSION = 1;
				GENERATE_INFOPLIST_FILE = YES;
				IPHONEOS_DEPLOYMENT_TARGET = 18.1;
				MARKETING_VERSION = 1.0;
				PRODUCT_BUNDLE_IDENTIFIER = max.TestTaskTranslatorTests;
				PRODUCT_NAME = "$(TARGET_NAME)";
				SWIFT_EMIT_LOC_STRINGS = NO;
				SWIFT_VERSION = 5.0;
				TARGETED_DEVICE_FAMILY = "1,2";
				TEST_HOST = "$(BUILT_PRODUCTS_DIR)/TestTaskTranslator.app/$(BUNDLE_EXECUTABLE_FOLDER_PATH)/TestTaskTranslator";
			};
			name = Debug;
		};
		50B7C58F2D5572FA00490444 /* Release */ = {
			isa = XCBuildConfiguration;
			buildSettings = {
				BUNDLE_LOADER = "$(TEST_HOST)";
				CODE_SIGN_STYLE = Automatic;
				CURRENT_PROJECT_VERSION = 1;
				GENERATE_INFOPLIST_FILE = YES;
				IPHONEOS_DEPLOYMENT_TARGET = 18.1;
				MARKETING_VERSION = 1.0;
				PRODUCT_BUNDLE_IDENTIFIER = max.TestTaskTranslatorTests;
				PRODUCT_NAME = "$(TARGET_NAME)";
				SWIFT_EMIT_LOC_STRINGS = NO;
				SWIFT_VERSION = 5.0;
				TARGETED_DEVICE_FAMILY = "1,2";
				TEST_HOST = "$(BUILT_PRODUCTS_DIR)/TestTaskTranslator.app/$(BUNDLE_EXECUTABLE_FOLDER_PATH)/TestTaskTranslator";
			};
			name = Release;
		};
		50B7C5912D5572FA00490444 /* Debug */ = {
			isa = XCBuildConfiguration;
			buildSettings = {
				CODE_SIGN_STYLE = Automatic;
				CURRENT_PROJECT_VERSION = 1;
				GENERATE_INFOPLIST_FILE = YES;
				MARKETING_VERSION = 1.0;
				PRODUCT_BUNDLE_IDENTIFIER = max.TestTaskTranslatorUITests;
				PRODUCT_NAME = "$(TARGET_NAME)";
				SWIFT_EMIT_LOC_STRINGS = NO;
				SWIFT_VERSION = 5.0;
				TARGETED_DEVICE_FAMILY = "1,2";
				TEST_TARGET_NAME = TestTaskTranslator;
			};
			name = Debug;
		};
		50B7C5922D5572FA00490444 /* Release */ = {
			isa = XCBuildConfiguration;
			buildSettings = {
				CODE_SIGN_STYLE = Automatic;
				CURRENT_PROJECT_VERSION = 1;
				GENERATE_INFOPLIST_FILE = YES;
				MARKETING_VERSION = 1.0;
				PRODUCT_BUNDLE_IDENTIFIER = max.TestTaskTranslatorUITests;
				PRODUCT_NAME = "$(TARGET_NAME)";
				SWIFT_EMIT_LOC_STRINGS = NO;
				SWIFT_VERSION = 5.0;
				TARGETED_DEVICE_FAMILY = "1,2";
				TEST_TARGET_NAME = TestTaskTranslator;
			};
			name = Release;
		};
/* End XCBuildConfiguration section */

/* Begin XCConfigurationList section */
		50B7C5612D5572F700490444 /* Build configuration list for PBXProject "TestTaskTranslator" */ = {
			isa = XCConfigurationList;
			buildConfigurations = (
				50B7C5882D5572FA00490444 /* Debug */,
				50B7C5892D5572FA00490444 /* Release */,
			);
			defaultConfigurationIsVisible = 0;
			defaultConfigurationName = Release;
		};
		50B7C58A2D5572FA00490444 /* Build configuration list for PBXNativeTarget "TestTaskTranslator" */ = {
			isa = XCConfigurationList;
			buildConfigurations = (
				50B7C58B2D5572FA00490444 /* Debug */,
				50B7C58C2D5572FA00490444 /* Release */,
			);
			defaultConfigurationIsVisible = 0;
			defaultConfigurationName = Release;
		};
		50B7C58D2D5572FA00490444 /* Build configuration list for PBXNativeTarget "TestTaskTranslatorTests" */ = {
			isa = XCConfigurationList;
			buildConfigurations = (
				50B7C58E2D5572FA00490444 /* Debug */,
				50B7C58F2D5572FA00490444 /* Release */,
			);
			defaultConfigurationIsVisible = 0;
			defaultConfigurationName = Release;
		};
		50B7C5902D5572FA00490444 /* Build configuration list for PBXNativeTarget "TestTaskTranslatorUITests" */ = {
			isa = XCConfigurationList;
			buildConfigurations = (
				50B7C5912D5572FA00490444 /* Debug */,
				50B7C5922D5572FA00490444 /* Release */,
			);
			defaultConfigurationIsVisible = 0;
			defaultConfigurationName = Release;
		};
/* End XCConfigurationList section */
	};
	rootObject = 50B7C55E2D5572F700490444 /* Project object */;
}
